
Microsoft Visual Studio Solution File, Format Version 12.00
# Visual Studio Version 16
VisualStudioVersion = 16.0.31019.35
MinimumVisualStudioVersion = 10.0.40219.1
Project("{FAE04EC0-301F-11D3-BF4B-00C04F79EFBC}") = "ClassMetotDemo", "ClassMetotDemo\ClassMetotDemo.csproj", "{ED9AB731-E9B3-46A4-923B-B45E24CD2674}"
EndProject
Global
	GlobalSection(SolutionConfigurationPlatforms) = preSolution
		Debug|Any CPU = Debug|Any CPU
		Release|Any CPU = Release|Any CPU
	EndGlobalSection
	GlobalSection(ProjectConfigurationPlatforms) = postSolution
		{ED9AB731-E9B3-46A4-923B-B45E24CD2674}.Debug|Any CPU.ActiveCfg = Debug|Any CPU
		{ED9AB731-E9B3-46A4-923B-B45E24CD2674}.Debug|Any CPU.Build.0 = Debug|Any CPU
		{ED9AB731-E9B3-46A4-923B-B45E24CD2674}.Release|Any CPU.ActiveCfg = Release|Any CPU
		{ED9AB731-E9B3-46A4-923B-B45E24CD2674}.Release|Any CPU.Build.0 = Release|Any CPU
	EndGlobalSection
	GlobalSection(SolutionProperties) = preSolution
		HideSolutionNode = FALSE
	EndGlobalSection
	GlobalSection(ExtensibilityGlobals) = postSolution
		SolutionGuid = {03CBF669-6B6B-4B7C-8212-27D9DAF153E8}
	EndGlobalSection
EndGlobal
